
Microsoft Visual Studio Solution File, Format Version 12.00
# Visual Studio Version 17
VisualStudioVersion = 17.14.36401.2
MinimumVisualStudioVersion = 10.0.40219.1
Project("{FAE04EC0-301F-11D3-BF4B-00C04F79EFBC}") = "ST10281918-NDIVHUWONDOU-CLDV6212-PART1-Function", "ST10281918-NDIVHUWONDOU-CLDV6212-PART1-Function.csproj", "{EC935E5B-52ED-4D4B-9BD5-A033149BCAC1}"
EndProject
Global
	GlobalSection(SolutionConfigurationPlatforms) = preSolution
		Debug|Any CPU = Debug|Any CPU
		Release|Any CPU = Release|Any CPU
	EndGlobalSection
	GlobalSection(ProjectConfigurationPlatforms) = postSolution
		{EC935E5B-52ED-4D4B-9BD5-A033149BCAC1}.Debug|Any CPU.ActiveCfg = Debug|Any CPU
		{EC935E5B-52ED-4D4B-9BD5-A033149BCAC1}.Debug|Any CPU.Build.0 = Debug|Any CPU
		{EC935E5B-52ED-4D4B-9BD5-A033149BCAC1}.Release|Any CPU.ActiveCfg = Release|Any CPU
		{EC935E5B-52ED-4D4B-9BD5-A033149BCAC1}.Release|Any CPU.Build.0 = Release|Any CPU
	EndGlobalSection
	GlobalSection(SolutionProperties) = preSolution
		HideSolutionNode = FALSE
	EndGlobalSection
	GlobalSection(ExtensibilityGlobals) = postSolution
		SolutionGuid = {8FB5DE58-A671-46CE-A15B-3813326ABF42}
	EndGlobalSection
EndGlobal
